// !$*UTF8*$!
{
	archiveVersion = 1;
	classes = {
	};
	objectVersion = 46;
	objects = {

/* Begin PBXBuildFile section */
		A8B8453A1EDC97B300BF0B5A /* LoginController.swift in Sources */ = {isa = PBXBuildFile; fileRef = A8B845391EDC97B300BF0B5A /* LoginController.swift */; };
		A8E099B01ED74565007D67A2 /* AppDelegate.swift in Sources */ = {isa = PBXBuildFile; fileRef = A8E099AF1ED74565007D67A2 /* AppDelegate.swift */; };
		A8E099B21ED74565007D67A2 /* ViewController.swift in Sources */ = {isa = PBXBuildFile; fileRef = A8E099B11ED74565007D67A2 /* ViewController.swift */; };
		A8E099B51ED74565007D67A2 /* Main.storyboard in Resources */ = {isa = PBXBuildFile; fileRef = A8E099B31ED74565007D67A2 /* Main.storyboard */; };
		A8E099B71ED74566007D67A2 /* Assets.xcassets in Resources */ = {isa = PBXBuildFile; fileRef = A8E099B61ED74566007D67A2 /* Assets.xcassets */; };
		A8E099BA1ED74566007D67A2 /* LaunchScreen.storyboard in Resources */ = {isa = PBXBuildFile; fileRef = A8E099B81ED74566007D67A2 /* LaunchScreen.storyboard */; };
		A8FAAB2B1EDB5F0E00B02517 /* GoogleService-Info.plist in Resources */ = {isa = PBXBuildFile; fileRef = A8FAAB2A1EDB5F0E00B02517 /* GoogleService-Info.plist */; };
		D6C512A8D0776FF449360D46 /* Pods_TrynaMatchAPP.framework in Frameworks */ = {isa = PBXBuildFile; fileRef = 7ABFA52E3A1FE6D9816C7D5F /* Pods_TrynaMatchAPP.framework */; };
/* End PBXBuildFile section */

/* Begin PBXFileReference section */
		00A3796541924B7CC86F2E9F /* Pods-TrynaMatchAPP.debug.xcconfig */ = {isa = PBXFileReference; includeInIndex = 1; lastKnownFileType = text.xcconfig; name = "Pods-TrynaMatchAPP.debug.xcconfig"; path = "Pods/Target Support Files/Pods-TrynaMatchAPP/Pods-TrynaMatchAPP.debug.xcconfig"; sourceTree = "<group>"; };
		1652FC4C4A83D34719FFBC09 /* Pods-TrynaMatchAPP.release.xcconfig */ = {isa = PBXFileReference; includeInIndex = 1; lastKnownFileType = text.xcconfig; name = "Pods-TrynaMatchAPP.release.xcconfig"; path = "Pods/Target Support Files/Pods-TrynaMatchAPP/Pods-TrynaMatchAPP.release.xcconfig"; sourceTree = "<group>"; };
		7ABFA52E3A1FE6D9816C7D5F /* Pods_TrynaMatchAPP.framework */ = {isa = PBXFileReference; explicitFileType = wrapper.framework; includeInIndex = 0; path = Pods_TrynaMatchAPP.framework; sourceTree = BUILT_PRODUCTS_DIR; };
		A85637361ED9F0DE0082F32F /* TrynaMatchAPP.entitlements */ = {isa = PBXFileReference; lastKnownFileType = text.plist.entitlements; path = TrynaMatchAPP.entitlements; sourceTree = "<group>"; };
		A8B845391EDC97B300BF0B5A /* LoginController.swift */ = {isa = PBXFileReference; fileEncoding = 4; lastKnownFileType = sourcecode.swift; path = LoginController.swift; sourceTree = "<group>"; };
		A8E099AC1ED74564007D67A2 /* TrynaMatchAPP.app */ = {isa = PBXFileReference; explicitFileType = wrapper.application; includeInIndex = 0; path = TrynaMatchAPP.app; sourceTree = BUILT_PRODUCTS_DIR; };
		A8E099AF1ED74565007D67A2 /* AppDelegate.swift */ = {isa = PBXFileReference; lastKnownFileType = sourcecode.swift; path = AppDelegate.swift; sourceTree = "<group>"; };
		A8E099B11ED74565007D67A2 /* ViewController.swift */ = {isa = PBXFileReference; lastKnownFileType = sourcecode.swift; path = ViewController.swift; sourceTree = "<group>"; };
		A8E099B41ED74565007D67A2 /* Base */ = {isa = PBXFileReference; lastKnownFileType = file.storyboard; name = Base; path = Base.lproj/Main.storyboard; sourceTree = "<group>"; };
		A8E099B61ED74566007D67A2 /* Assets.xcassets */ = {isa = PBXFileReference; lastKnownFileType = folder.assetcatalog; path = Assets.xcassets; sourceTree = "<group>"; };
		A8E099B91ED74566007D67A2 /* Base */ = {isa = PBXFileReference; lastKnownFileType = file.storyboard; name = Base; path = Base.lproj/LaunchScreen.storyboard; sourceTree = "<group>"; };
		A8E099BB1ED74566007D67A2 /* Info.plist */ = {isa = PBXFileReference; lastKnownFileType = text.plist.xml; path = Info.plist; sourceTree = "<group>"; };
		A8FAAB2A1EDB5F0E00B02517 /* GoogleService-Info.plist */ = {isa = PBXFileReference; fileEncoding = 4; lastKnownFileType = text.plist.xml; name = "GoogleService-Info.plist"; path = "../../../../Downloads/GoogleService-Info.plist"; sourceTree = "<group>"; };
/* End PBXFileReference section */

/* Begin PBXFrameworksBuildPhase section */
		A8E099A91ED74564007D67A2 /* Frameworks */ = {
			isa = PBXFrameworksBuildPhase;
			buildActionMask = 2147483647;
			files = (
				D6C512A8D0776FF449360D46 /* Pods_TrynaMatchAPP.framework in Frameworks */,
			);
			runOnlyForDeploymentPostprocessing = 0;
		};
/* End PBXFrameworksBuildPhase section */

/* Begin PBXGroup section */
		1F3FFD28398EF36880A95200 /* Pods */ = {
			isa = PBXGroup;
			children = (
				00A3796541924B7CC86F2E9F /* Pods-TrynaMatchAPP.debug.xcconfig */,
				1652FC4C4A83D34719FFBC09 /* Pods-TrynaMatchAPP.release.xcconfig */,
			);
			name = Pods;
			sourceTree = "<group>";
		};
		9AF2065BD311EE5648CD7642 /* Frameworks */ = {
			isa = PBXGroup;
			children = (
				7ABFA52E3A1FE6D9816C7D5F /* Pods_TrynaMatchAPP.framework */,
			);
			name = Frameworks;
			sourceTree = "<group>";
		};
		A8B845381EDC978800BF0B5A /* Controller */ = {
			isa = PBXGroup;
			children = (
				A8B845391EDC97B300BF0B5A /* LoginController.swift */,
				A8E099B11ED74565007D67A2 /* ViewController.swift */,
			);
			name = Controller;
			sourceTree = "<group>";
		};
		A8E099A31ED74563007D67A2 = {
			isa = PBXGroup;
			children = (
				A8E099AE1ED74564007D67A2 /* TrynaMatchAPP */,
				A8E099AD1ED74564007D67A2 /* Products */,
				1F3FFD28398EF36880A95200 /* Pods */,
				9AF2065BD311EE5648CD7642 /* Frameworks */,
			);
			sourceTree = "<group>";
		};
		A8E099AD1ED74564007D67A2 /* Products */ = {
			isa = PBXGroup;
			children = (
				A8E099AC1ED74564007D67A2 /* TrynaMatchAPP.app */,
			);
			name = Products;
			sourceTree = "<group>";
		};
		A8E099AE1ED74564007D67A2 /* TrynaMatchAPP */ = {
			isa = PBXGroup;
			children = (
				A8B845381EDC978800BF0B5A /* Controller */,
				A85637361ED9F0DE0082F32F /* TrynaMatchAPP.entitlements */,
				A8E099AF1ED74565007D67A2 /* AppDelegate.swift */,
				A8E099B31ED74565007D67A2 /* Main.storyboard */,
				A8E099B61ED74566007D67A2 /* Assets.xcassets */,
				A8E099B81ED74566007D67A2 /* LaunchScreen.storyboard */,
				A8E099BB1ED74566007D67A2 /* Info.plist */,
				A8FAAB2A1EDB5F0E00B02517 /* GoogleService-Info.plist */,
			);
			path = TrynaMatchAPP;
			sourceTree = "<group>";
		};
/* End PBXGroup section */

/* Begin PBXNativeTarget section */
		A8E099AB1ED74564007D67A2 /* TrynaMatchAPP */ = {
			isa = PBXNativeTarget;
			buildConfigurationList = A8E099BE1ED74566007D67A2 /* Build configuration list for PBXNativeTarget "TrynaMatchAPP" */;
			buildPhases = (
				ABDC4CBB9DD7B0D9F908099B /* [CP] Check Pods Manifest.lock */,
				A8E099A81ED74564007D67A2 /* Sources */,
				A8E099A91ED74564007D67A2 /* Frameworks */,
				A8E099AA1ED74564007D67A2 /* Resources */,
				41C6B141CF6CEE5151BB739D /* [CP] Embed Pods Frameworks */,
				1B2C801A04931D9CE8A45CB1 /* [CP] Copy Pods Resources */,
			);
			buildRules = (
			);
			dependencies = (
			);
			name = TrynaMatchAPP;
			productName = TrynaMatchAPP;
			productReference = A8E099AC1ED74564007D67A2 /* TrynaMatchAPP.app */;
			productType = "com.apple.product-type.application";
		};
/* End PBXNativeTarget section */

/* Begin PBXProject section */
		A8E099A41ED74563007D67A2 /* Project object */ = {
			isa = PBXProject;
			attributes = {
				LastSwiftUpdateCheck = 0830;
				LastUpgradeCheck = 0830;
				ORGANIZATIONNAME = "KV Ghumaan";
				TargetAttributes = {
					A8E099AB1ED74564007D67A2 = {
						CreatedOnToolsVersion = 8.3.2;
						DevelopmentTeam = APFUQ23TWA;
						ProvisioningStyle = Automatic;
						SystemCapabilities = {
							com.apple.Keychain = {
								enabled = 1;
							};
						};
					};
				};
			};
			buildConfigurationList = A8E099A71ED74563007D67A2 /* Build configuration list for PBXProject "TrynaMatchAPP" */;
			compatibilityVersion = "Xcode 3.2";
			developmentRegion = English;
			hasScannedForEncodings = 0;
			knownRegions = (
				en,
				Base,
			);
			mainGroup = A8E099A31ED74563007D67A2;
			productRefGroup = A8E099AD1ED74564007D67A2 /* Products */;
			projectDirPath = "";
			projectRoot = "";
			targets = (
				A8E099AB1ED74564007D67A2 /* TrynaMatchAPP */,
			);
		};
/* End PBXProject section */

/* Begin PBXResourcesBuildPhase section */
		A8E099AA1ED74564007D67A2 /* Resources */ = {
			isa = PBXResourcesBuildPhase;
			buildActionMask = 2147483647;
			files = (
				A8E099BA1ED74566007D67A2 /* LaunchScreen.storyboard in Resources */,
				A8E099B71ED74566007D67A2 /* Assets.xcassets in Resources */,
				A8E099B51ED74565007D67A2 /* Main.storyboard in Resources */,
				A8FAAB2B1EDB5F0E00B02517 /* GoogleService-Info.plist in Resources */,
			);
			runOnlyForDeploymentPostprocessing = 0;
		};
/* End PBXResourcesBuildPhase section */

/* Begin PBXShellScriptBuildPhase section */
		1B2C801A04931D9CE8A45CB1 /* [CP] Copy Pods Resources */ = {
			isa = PBXShellScriptBuildPhase;
			buildActionMask = 2147483647;
			files = (
			);
			inputPaths = (
			);
			name = "[CP] Copy Pods Resources";
			outputPaths = (
			);
			runOnlyForDeploymentPostprocessing = 0;
			shellPath = /bin/sh;
			shellScript = "\"${SRCROOT}/Pods/Target Support Files/Pods-TrynaMatchAPP/Pods-TrynaMatchAPP-resources.sh\"\n";
			showEnvVarsInLog = 0;
		};
		41C6B141CF6CEE5151BB739D /* [CP] Embed Pods Frameworks */ = {
			isa = PBXShellScriptBuildPhase;
			buildActionMask = 2147483647;
			files = (
			);
			inputPaths = (
			);
			name = "[CP] Embed Pods Frameworks";
			outputPaths = (
			);
			runOnlyForDeploymentPostprocessing = 0;
			shellPath = /bin/sh;
			shellScript = "\"${SRCROOT}/Pods/Target Support Files/Pods-TrynaMatchAPP/Pods-TrynaMatchAPP-frameworks.sh\"\n";
			showEnvVarsInLog = 0;
		};
		ABDC4CBB9DD7B0D9F908099B /* [CP] Check Pods Manifest.lock */ = {
			isa = PBXShellScriptBuildPhase;
			buildActionMask = 2147483647;
			files = (
			);
			inputPaths = (
			);
			name = "[CP] Check Pods Manifest.lock";
			outputPaths = (
			);
			runOnlyForDeploymentPostprocessing = 0;
			shellPath = /bin/sh;
			shellScript = "diff \"${PODS_PODFILE_DIR_PATH}/Podfile.lock\" \"${PODS_ROOT}/Manifest.lock\" > /dev/null\nif [ $? != 0 ] ; then\n    # print error to STDERR\n    echo \"error: The sandbox is not in sync with the Podfile.lock. Run 'pod install' or update your CocoaPods installation.\" >&2\n    exit 1\nfi\n";
			showEnvVarsInLog = 0;
		};
/* End PBXShellScriptBuildPhase section */

/* Begin PBXSourcesBuildPhase section */
		A8E099A81ED74564007D67A2 /* Sources */ = {
			isa = PBXSourcesBuildPhase;
			buildActionMask = 2147483647;
			files = (
				A8E099B21ED74565007D67A2 /* ViewController.swift in Sources */,
				A8B8453A1EDC97B300BF0B5A /* LoginController.swift in Sources */,
				A8E099B01ED74565007D67A2 /* AppDelegate.swift in Sources */,
			);
			runOnlyForDeploymentPostprocessing = 0;
		};
/* End PBXSourcesBuildPhase section */

/* Begin PBXVariantGroup section */
		A8E099B31ED74565007D67A2 /* Main.storyboard */ = {
			isa = PBXVariantGroup;
			children = (
				A8E099B41ED74565007D67A2 /* Base */,
			);
			name = Main.storyboard;
			sourceTree = "<group>";
		};
		A8E099B81ED74566007D67A2 /* LaunchScreen.storyboard */ = {
			isa = PBXVariantGroup;
			children = (
				A8E099B91ED74566007D67A2 /* Base */,
			);
			name = LaunchScreen.storyboard;
			sourceTree = "<group>";
		};
/* End PBXVariantGroup section */

/* Begin XCBuildConfiguration section */
		A8E099BC1ED74566007D67A2 /* Debug */ = {
			isa = XCBuildConfiguration;
			buildSettings = {
				ALWAYS_SEARCH_USER_PATHS = NO;
				CLANG_ANALYZER_NONNULL = YES;
				CLANG_ANALYZER_NUMBER_OBJECT_CONVERSION = YES_AGGRESSIVE;
				CLANG_CXX_LANGUAGE_STANDARD = "gnu++0x";
				CLANG_CXX_LIBRARY = "libc++";
				CLANG_ENABLE_MODULES = YES;
				CLANG_ENABLE_OBJC_ARC = YES;
				CLANG_WARN_BOOL_CONVERSION = YES;
				CLANG_WARN_CONSTANT_CONVERSION = YES;
				CLANG_WARN_DIRECT_OBJC_ISA_USAGE = YES_ERROR;
				CLANG_WARN_DOCUMENTATION_COMMENTS = YES;
				CLANG_WARN_EMPTY_BODY = YES;
				CLANG_WARN_ENUM_CONVERSION = YES;
				CLANG_WARN_INFINITE_RECURSION = YES;
				CLANG_WARN_INT_CONVERSION = YES;
				CLANG_WARN_OBJC_ROOT_CLASS = YES_ERROR;
				CLANG_WARN_SUSPICIOUS_MOVE = YES;
				CLANG_WARN_UNREACHABLE_CODE = YES;
				CLANG_WARN__DUPLICATE_METHOD_MATCH = YES;
				"CODE_SIGN_IDENTITY[sdk=iphoneos*]" = "iPhone Developer";
				COPY_PHASE_STRIP = NO;
				DEBUG_INFORMATION_FORMAT = dwarf;
				ENABLE_STRICT_OBJC_MSGSEND = YES;
				ENABLE_TESTABILITY = YES;
				GCC_C_LANGUAGE_STANDARD = gnu99;
				GCC_DYNAMIC_NO_PIC = NO;
				GCC_NO_COMMON_BLOCKS = YES;
				GCC_OPTIMIZATION_LEVEL = 0;
				GCC_PREPROCESSOR_DEFINITIONS = (
					"DEBUG=1",
					"$(inherited)",
				);
				GCC_WARN_64_TO_32_BIT_CONVERSION = YES;
				GCC_WARN_ABOUT_RETURN_TYPE = YES_ERROR;
				GCC_WARN_UNDECLARED_SELECTOR = YES;
				GCC_WARN_UNINITIALIZED_AUTOS = YES_AGGRESSIVE;
				GCC_WARN_UNUSED_FUNCTION = YES;
				GCC_WARN_UNUSED_VARIABLE = YES;
				IPHONEOS_DEPLOYMENT_TARGET = 10.3;
				MTL_ENABLE_DEBUG_INFO = YES;
				ONLY_ACTIVE_ARCH = YES;
				SDKROOT = iphoneos;
				SWIFT_ACTIVE_COMPILATION_CONDITIONS = DEBUG;
				SWIFT_OPTIMIZATION_LEVEL = "-Onone";
			};
			name = Debug;
		};
		A8E099BD1ED74566007D67A2 /* Release */ = {
			isa = XCBuildConfiguration;
			buildSettings = {
				ALWAYS_SEARCH_USER_PATHS = NO;
				CLANG_ANALYZER_NONNULL = YES;
				CLANG_ANALYZER_NUMBER_OBJECT_CONVERSION = YES_AGGRESSIVE;
				CLANG_CXX_LANGUAGE_STANDARD = "gnu++0x";
				CLANG_CXX_LIBRARY = "libc++";
				CLANG_ENABLE_MODULES = YES;
				CLANG_ENABLE_OBJC_ARC = YES;
				CLANG_WARN_BOOL_CONVERSION = YES;
				CLANG_WARN_CONSTANT_CONVERSION = YES;
				CLANG_WARN_DIRECT_OBJC_ISA_USAGE = YES_ERROR;
				CLANG_WARN_DOCUMENTATION_COMMENTS = YES;
				CLANG_WARN_EMPTY_BODY = YES;
				CLANG_WARN_ENUM_CONVERSION = YES;
				CLANG_WARN_INFINITE_RECURSION = YES;
				CLANG_WARN_INT_CONVERSION = YES;
				CLANG_WARN_OBJC_ROOT_CLASS = YES_ERROR;
				CLANG_WARN_SUSPICIOUS_MOVE = YES;
				CLANG_WARN_UNREACHABLE_CODE = YES;
				CLANG_WARN__DUPLICATE_METHOD_MATCH = YES;
				"CODE_SIGN_IDENTITY[sdk=iphoneos*]" = "iPhone Developer";
				COPY_PHASE_STRIP = NO;
				DEBUG_INFORMATION_FORMAT = "dwarf-with-dsym";
				ENABLE_NS_ASSERTIONS = NO;
				ENABLE_STRICT_OBJC_MSGSEND = YES;
				GCC_C_LANGUAGE_STANDARD = gnu99;
				GCC_NO_COMMON_BLOCKS = YES;
				GCC_WARN_64_TO_32_BIT_CONVERSION = YES;
				GCC_WARN_ABOUT_RETURN_TYPE = YES_ERROR;
				GCC_WARN_UNDECLARED_SELECTOR = YES;
				GCC_WARN_UNINITIALIZED_AUTOS = YES_AGGRESSIVE;
				GCC_WARN_UNUSED_FUNCTION = YES;
				GCC_WARN_UNUSED_VARIABLE = YES;
				IPHONEOS_DEPLOYMENT_TARGET = 10.3;
				MTL_ENABLE_DEBUG_INFO = NO;
				SDKROOT = iphoneos;
				SWIFT_OPTIMIZATION_LEVEL = "-Owholemodule";
				VALIDATE_PRODUCT = YES;
			};
			name = Release;
		};
		A8E099BF1ED74566007D67A2 /* Debug */ = {
			isa = XCBuildConfiguration;
			baseConfigurationReference = 00A3796541924B7CC86F2E9F /* Pods-TrynaMatchAPP.debug.xcconfig */;
			buildSettings = {
				ASSETCATALOG_COMPILER_APPICON_NAME = AppIcon;
				CODE_SIGN_ENTITLEMENTS = TrynaMatchAPP/TrynaMatchAPP.entitlements;
				DEVELOPMENT_TEAM = APFUQ23TWA;
				INFOPLIST_FILE = TrynaMatchAPP/Info.plist;
				LD_RUNPATH_SEARCH_PATHS = "$(inherited) @executable_path/Frameworks";
				PRODUCT_BUNDLE_IDENTIFIER = com.kghumaan.TrynaMatchAPP;
				PRODUCT_NAME = "$(TARGET_NAME)";
				SWIFT_VERSION = 3.0;
			};
			name = Debug;
		};
		A8E099C01ED74566007D67A2 /* Release */ = {
			isa = XCBuildConfiguration;
			baseConfigurationReference = 1652FC4C4A83D34719FFBC09 /* Pods-TrynaMatchAPP.release.xcconfig */;
			buildSettings = {
				ASSETCATALOG_COMPILER_APPICON_NAME = AppIcon;
				CODE_SIGN_ENTITLEMENTS = TrynaMatchAPP/TrynaMatchAPP.entitlements;
				DEVELOPMENT_TEAM = APFUQ23TWA;
				INFOPLIST_FILE = TrynaMatchAPP/Info.plist;
				LD_RUNPATH_SEARCH_PATHS = "$(inherited) @executable_path/Frameworks";
				PRODUCT_BUNDLE_IDENTIFIER = com.kghumaan.TrynaMatchAPP;
				PRODUCT_NAME = "$(TARGET_NAME)";
				SWIFT_VERSION = 3.0;
			};
			name = Release;
		};
/* End XCBuildConfiguration section */

/* Begin XCConfigurationList section */
		A8E099A71ED74563007D67A2 /* Build configuration list for PBXProject "TrynaMatchAPP" */ = {
			isa = XCConfigurationList;
			buildConfigurations = (
				A8E099BC1ED74566007D67A2 /* Debug */,
				A8E099BD1ED74566007D67A2 /* Release */,
			);
			defaultConfigurationIsVisible = 0;
			defaultConfigurationName = Release;
		};
		A8E099BE1ED74566007D67A2 /* Build configuration list for PBXNativeTarget "TrynaMatchAPP" */ = {
			isa = XCConfigurationList;
			buildConfigurations = (
				A8E099BF1ED74566007D67A2 /* Debug */,
				A8E099C01ED74566007D67A2 /* Release */,
			);
			defaultConfigurationIsVisible = 0;
			defaultConfigurationName = Release;
		};
/* End XCConfigurationList section */
	};
	rootObject = A8E099A41ED74563007D67A2 /* Project object */;
}
